
Microsoft Visual Studio Solution File, Format Version 12.00
# Visual Studio Version 17
VisualStudioVersion = 17.5.33627.172
MinimumVisualStudioVersion = 10.0.40219.1
Project("{8BC9CEB8-8B4A-11D0-8D11-00A0C91BC942}") = "Day1", "Applications\Day1\Day1.vcxproj", "{290B765B-6A2C-41BC-8005-905C7198CD39}"
EndProject
Project("{2150E333-8FDC-42A3-9474-1A3956D46DE8}") = "Applications", "Applications", "{3949E319-464F-4473-BFA5-612944FDA605}"
EndProject
Project("{2150E333-8FDC-42A3-9474-1A3956D46DE8}") = "Libraries", "Libraries", "{51F77F93-54C3-43C6-903D-8246118FE0F5}"
EndProject
Project("{8BC9CEB8-8B4A-11D0-8D11-00A0C91BC942}") = "Day2", "Applications\Day2\Day2.vcxproj", "{223D21D4-2A54-46BA-BD6E-A6EA75108C83}"
EndProject
Project("{8BC9CEB8-8B4A-11D0-8D11-00A0C91BC942}") = "Day3", "Applications\Day3\Day3.vcxproj", "{F5C8BEC7-5529-41DD-AD5E-AEB150738105}"
EndProject
Project("{8BC9CEB8-8B4A-11D0-8D11-00A0C91BC942}") = "Day4", "Applications\Day4\Day4.vcxproj", "{659B7B06-5B88-4B87-8AE4-279A10276623}"
EndProject
Project("{8BC9CEB8-8B4A-11D0-8D11-00A0C91BC942}") = "Day5", "Applications\Day5\Day5.vcxproj", "{AC41238B-48D6-45B8-B396-70716B87B7E9}"
EndProject
Project("{8BC9CEB8-8B4A-11D0-8D11-00A0C91BC942}") = "Day6", "Applications\Day6\Day6.vcxproj", "{A1AACADC-ECF7-4D40-BAFD-7F93E57FDCF1}"
EndProject
Project("{8BC9CEB8-8B4A-11D0-8D11-00A0C91BC942}") = "Day7", "Applications\Day7\Day7.vcxproj", "{E41D3272-BC8A-47C9-8CB9-4D3E0770141A}"
EndProject
Global
	GlobalSection(SolutionConfigurationPlatforms) = preSolution
		Debug|x64 = Debug|x64
		Debug|x86 = Debug|x86
		Release|x64 = Release|x64
		Release|x86 = Release|x86
	EndGlobalSection
	GlobalSection(ProjectConfigurationPlatforms) = postSolution
		{290B765B-6A2C-41BC-8005-905C7198CD39}.Debug|x64.ActiveCfg = Debug|x64
		{290B765B-6A2C-41BC-8005-905C7198CD39}.Debug|x64.Build.0 = Debug|x64
		{290B765B-6A2C-41BC-8005-905C7198CD39}.Debug|x86.ActiveCfg = Debug|Win32
		{290B765B-6A2C-41BC-8005-905C7198CD39}.Debug|x86.Build.0 = Debug|Win32
		{290B765B-6A2C-41BC-8005-905C7198CD39}.Release|x64.ActiveCfg = Release|x64
		{290B765B-6A2C-41BC-8005-905C7198CD39}.Release|x64.Build.0 = Release|x64
		{290B765B-6A2C-41BC-8005-905C7198CD39}.Release|x86.ActiveCfg = Release|Win32
		{290B765B-6A2C-41BC-8005-905C7198CD39}.Release|x86.Build.0 = Release|Win32
		{223D21D4-2A54-46BA-BD6E-A6EA75108C83}.Debug|x64.ActiveCfg = Debug|x64
		{223D21D4-2A54-46BA-BD6E-A6EA75108C83}.Debug|x64.Build.0 = Debug|x64
		{223D21D4-2A54-46BA-BD6E-A6EA75108C83}.Debug|x86.ActiveCfg = Debug|Win32
		{223D21D4-2A54-46BA-BD6E-A6EA75108C83}.Debug|x86.Build.0 = Debug|Win32
		{223D21D4-2A54-46BA-BD6E-A6EA75108C83}.Release|x64.ActiveCfg = Release|x64
		{223D21D4-2A54-46BA-BD6E-A6EA75108C83}.Release|x64.Build.0 = Release|x64
		{223D21D4-2A54-46BA-BD6E-A6EA75108C83}.Release|x86.ActiveCfg = Release|Win32
		{223D21D4-2A54-46BA-BD6E-A6EA75108C83}.Release|x86.Build.0 = Release|Win32
		{F5C8BEC7-5529-41DD-AD5E-AEB150738105}.Debug|x64.ActiveCfg = Debug|x64
		{F5C8BEC7-5529-41DD-AD5E-AEB150738105}.Debug|x64.Build.0 = Debug|x64
		{F5C8BEC7-5529-41DD-AD5E-AEB150738105}.Debug|x86.ActiveCfg = Debug|Win32
		{F5C8BEC7-5529-41DD-AD5E-AEB150738105}.Debug|x86.Build.0 = Debug|Win32
		{F5C8BEC7-5529-41DD-AD5E-AEB150738105}.Release|x64.ActiveCfg = Release|x64
		{F5C8BEC7-5529-41DD-AD5E-AEB150738105}.Release|x64.Build.0 = Release|x64
		{F5C8BEC7-5529-41DD-AD5E-AEB150738105}.Release|x86.ActiveCfg = Release|Win32
		{F5C8BEC7-5529-41DD-AD5E-AEB150738105}.Release|x86.Build.0 = Release|Win32
		{659B7B06-5B88-4B87-8AE4-279A10276623}.Debug|x64.ActiveCfg = Debug|x64
		{659B7B06-5B88-4B87-8AE4-279A10276623}.Debug|x64.Build.0 = Debug|x64
		{659B7B06-5B88-4B87-8AE4-279A10276623}.Debug|x86.ActiveCfg = Debug|Win32
		{659B7B06-5B88-4B87-8AE4-279A10276623}.Debug|x86.Build.0 = Debug|Win32
		{659B7B06-5B88-4B87-8AE4-279A10276623}.Release|x64.ActiveCfg = Release|x64
		{659B7B06-5B88-4B87-8AE4-279A10276623}.Release|x64.Build.0 = Release|x64
		{659B7B06-5B88-4B87-8AE4-279A10276623}.Release|x86.ActiveCfg = Release|Win32
		{659B7B06-5B88-4B87-8AE4-279A10276623}.Release|x86.Build.0 = Release|Win32
		{AC41238B-48D6-45B8-B396-70716B87B7E9}.Debug|x64.ActiveCfg = Debug|x64
		{AC41238B-48D6-45B8-B396-70716B87B7E9}.Debug|x64.Build.0 = Debug|x64
		{AC41238B-48D6-45B8-B396-70716B87B7E9}.Debug|x86.ActiveCfg = Debug|Win32
		{AC41238B-48D6-45B8-B396-70716B87B7E9}.Debug|x86.Build.0 = Debug|Win32
		{AC41238B-48D6-45B8-B396-70716B87B7E9}.Release|x64.ActiveCfg = Release|x64
		{AC41238B-48D6-45B8-B396-70716B87B7E9}.Release|x64.Build.0 = Release|x64
		{AC41238B-48D6-45B8-B396-70716B87B7E9}.Release|x86.ActiveCfg = Release|Win32
		{AC41238B-48D6-45B8-B396-70716B87B7E9}.Release|x86.Build.0 = Release|Win32
		{A1AACADC-ECF7-4D40-BAFD-7F93E57FDCF1}.Debug|x64.ActiveCfg = Debug|x64
		{A1AACADC-ECF7-4D40-BAFD-7F93E57FDCF1}.Debug|x64.Build.0 = Debug|x64
		{A1AACADC-ECF7-4D40-BAFD-7F93E57FDCF1}.Debug|x86.ActiveCfg = Debug|Win32
		{A1AACADC-ECF7-4D40-BAFD-7F93E57FDCF1}.Debug|x86.Build.0 = Debug|Win32
		{A1AACADC-ECF7-4D40-BAFD-7F93E57FDCF1}.Release|x64.ActiveCfg = Release|x64
		{A1AACADC-ECF7-4D40-BAFD-7F93E57FDCF1}.Release|x64.Build.0 = Release|x64
		{A1AACADC-ECF7-4D40-BAFD-7F93E57FDCF1}.Release|x86.ActiveCfg = Release|Win32
		{A1AACADC-ECF7-4D40-BAFD-7F93E57FDCF1}.Release|x86.Build.0 = Release|Win32
		{E41D3272-BC8A-47C9-8CB9-4D3E0770141A}.Debug|x64.ActiveCfg = Debug|x64
		{E41D3272-BC8A-47C9-8CB9-4D3E0770141A}.Debug|x64.Build.0 = Debug|x64
		{E41D3272-BC8A-47C9-8CB9-4D3E0770141A}.Debug|x86.ActiveCfg = Debug|Win32
		{E41D3272-BC8A-47C9-8CB9-4D3E0770141A}.Debug|x86.Build.0 = Debug|Win32
		{E41D3272-BC8A-47C9-8CB9-4D3E0770141A}.Release|x64.ActiveCfg = Release|x64
		{E41D3272-BC8A-47C9-8CB9-4D3E0770141A}.Release|x64.Build.0 = Release|x64
		{E41D3272-BC8A-47C9-8CB9-4D3E0770141A}.Release|x86.ActiveCfg = Release|Win32
		{E41D3272-BC8A-47C9-8CB9-4D3E0770141A}.Release|x86.Build.0 = Release|Win32
	EndGlobalSection
	GlobalSection(SolutionProperties) = preSolution
		HideSolutionNode = FALSE
	EndGlobalSection
	GlobalSection(NestedProjects) = preSolution
		{290B765B-6A2C-41BC-8005-905C7198CD39} = {3949E319-464F-4473-BFA5-612944FDA605}
		{223D21D4-2A54-46BA-BD6E-A6EA75108C83} = {3949E319-464F-4473-BFA5-612944FDA605}
		{F5C8BEC7-5529-41DD-AD5E-AEB150738105} = {3949E319-464F-4473-BFA5-612944FDA605}
		{659B7B06-5B88-4B87-8AE4-279A10276623} = {3949E319-464F-4473-BFA5-612944FDA605}
		{AC41238B-48D6-45B8-B396-70716B87B7E9} = {3949E319-464F-4473-BFA5-612944FDA605}
		{A1AACADC-ECF7-4D40-BAFD-7F93E57FDCF1} = {3949E319-464F-4473-BFA5-612944FDA605}
		{E41D3272-BC8A-47C9-8CB9-4D3E0770141A} = {3949E319-464F-4473-BFA5-612944FDA605}
	EndGlobalSection
	GlobalSection(ExtensibilityGlobals) = postSolution
		SolutionGuid = {2C8B3B05-7326-4B84-BE73-B35372B43475}
	EndGlobalSection
EndGlobal
